// !$*UTF8*$!
{
	archiveVersion = 1;
	classes = {
	};
	objectVersion = 50;
	objects = {

/* Begin PBXBuildFile section */
		5B139A55227BDFB900615EA6 /* DogAPI.swift in Sources */ = {isa = PBXBuildFile; fileRef = 5B139A54227BDFB900615EA6 /* DogAPI.swift */; };
		5B139A58227BFEAA00615EA6 /* DogImage.swift in Sources */ = {isa = PBXBuildFile; fileRef = 5B139A57227BFEAA00615EA6 /* DogImage.swift */; };
		5BAA1662227BD9E6001C5812 /* AppDelegate.swift in Sources */ = {isa = PBXBuildFile; fileRef = 5BAA1661227BD9E6001C5812 /* AppDelegate.swift */; };
		5BAA1664227BD9E6001C5812 /* ViewController.swift in Sources */ = {isa = PBXBuildFile; fileRef = 5BAA1663227BD9E6001C5812 /* ViewController.swift */; };
		5BAA1667227BD9E6001C5812 /* Main.storyboard in Resources */ = {isa = PBXBuildFile; fileRef = 5BAA1665227BD9E6001C5812 /* Main.storyboard */; };
		5BAA1669227BD9E7001C5812 /* Assets.xcassets in Resources */ = {isa = PBXBuildFile; fileRef = 5BAA1668227BD9E7001C5812 /* Assets.xcassets */; };
		5BAA166C227BD9E7001C5812 /* LaunchScreen.storyboard in Resources */ = {isa = PBXBuildFile; fileRef = 5BAA166A227BD9E7001C5812 /* LaunchScreen.storyboard */; };
		5BAA1674227BDA3E001C5812 /* Description in Resources */ = {isa = PBXBuildFile; fileRef = 5BAA1673227BDA3E001C5812 /* Description */; };
/* End PBXBuildFile section */

/* Begin PBXFileReference section */
		5B139A54227BDFB900615EA6 /* DogAPI.swift */ = {isa = PBXFileReference; lastKnownFileType = sourcecode.swift; path = DogAPI.swift; sourceTree = "<group>"; };
		5B139A57227BFEAA00615EA6 /* DogImage.swift */ = {isa = PBXFileReference; lastKnownFileType = sourcecode.swift; path = DogImage.swift; sourceTree = "<group>"; };
		5BAA165E227BD9E6001C5812 /* API+Networking.app */ = {isa = PBXFileReference; explicitFileType = wrapper.application; includeInIndex = 0; path = "API+Networking.app"; sourceTree = BUILT_PRODUCTS_DIR; };
		5BAA1661227BD9E6001C5812 /* AppDelegate.swift */ = {isa = PBXFileReference; lastKnownFileType = sourcecode.swift; path = AppDelegate.swift; sourceTree = "<group>"; };
		5BAA1663227BD9E6001C5812 /* ViewController.swift */ = {isa = PBXFileReference; lastKnownFileType = sourcecode.swift; path = ViewController.swift; sourceTree = "<group>"; };
		5BAA1666227BD9E6001C5812 /* Base */ = {isa = PBXFileReference; lastKnownFileType = file.storyboard; name = Base; path = Base.lproj/Main.storyboard; sourceTree = "<group>"; };
		5BAA1668227BD9E7001C5812 /* Assets.xcassets */ = {isa = PBXFileReference; lastKnownFileType = folder.assetcatalog; path = Assets.xcassets; sourceTree = "<group>"; };
		5BAA166B227BD9E7001C5812 /* Base */ = {isa = PBXFileReference; lastKnownFileType = file.storyboard; name = Base; path = Base.lproj/LaunchScreen.storyboard; sourceTree = "<group>"; };
		5BAA166D227BD9E7001C5812 /* Info.plist */ = {isa = PBXFileReference; lastKnownFileType = text.plist.xml; path = Info.plist; sourceTree = "<group>"; };
		5BAA1673227BDA3E001C5812 /* Description */ = {isa = PBXFileReference; lastKnownFileType = text; path = Description; sourceTree = "<group>"; };
/* End PBXFileReference section */

/* Begin PBXFrameworksBuildPhase section */
		5BAA165B227BD9E6001C5812 /* Frameworks */ = {
			isa = PBXFrameworksBuildPhase;
			buildActionMask = 2147483647;
			files = (
			);
			runOnlyForDeploymentPostprocessing = 0;
		};
/* End PBXFrameworksBuildPhase section */

/* Begin PBXGroup section */
		5B139A56227BFE8E00615EA6 /* Model */ = {
			isa = PBXGroup;
			children = (
				5B139A54227BDFB900615EA6 /* DogAPI.swift */,
				5B139A57227BFEAA00615EA6 /* DogImage.swift */,
			);
			path = Model;
			sourceTree = "<group>";
		};
		5BAA1655227BD9E6001C5812 = {
			isa = PBXGroup;
			children = (
				5BAA1660227BD9E6001C5812 /* API+Networking */,
				5BAA165F227BD9E6001C5812 /* Products */,
			);
			sourceTree = "<group>";
		};
		5BAA165F227BD9E6001C5812 /* Products */ = {
			isa = PBXGroup;
			children = (
				5BAA165E227BD9E6001C5812 /* API+Networking.app */,
			);
			name = Products;
			sourceTree = "<group>";
		};
		5BAA1660227BD9E6001C5812 /* API+Networking */ = {
			isa = PBXGroup;
			children = (
				5BAA1673227BDA3E001C5812 /* Description */,
				5B139A56227BFE8E00615EA6 /* Model */,
				5BAA1676227BDB49001C5812 /* View */,
				5BAA1675227BDB35001C5812 /* Controller */,
				5BAA166D227BD9E7001C5812 /* Info.plist */,
			);
			path = "API+Networking";
			sourceTree = "<group>";
		};
		5BAA1675227BDB35001C5812 /* Controller */ = {
			isa = PBXGroup;
			children = (
				5BAA1661227BD9E6001C5812 /* AppDelegate.swift */,
				5BAA1663227BD9E6001C5812 /* ViewController.swift */,
			);
			path = Controller;
			sourceTree = "<group>";
		};
		5BAA1676227BDB49001C5812 /* View */ = {
			isa = PBXGroup;
			children = (
				5BAA1665227BD9E6001C5812 /* Main.storyboard */,
				5BAA1668227BD9E7001C5812 /* Assets.xcassets */,
				5BAA166A227BD9E7001C5812 /* LaunchScreen.storyboard */,
			);
			path = View;
			sourceTree = "<group>";
		};
/* End PBXGroup section */

/* Begin PBXNativeTarget section */
		5BAA165D227BD9E6001C5812 /* API+Networking */ = {
			isa = PBXNativeTarget;
			buildConfigurationList = 5BAA1670227BD9E7001C5812 /* Build configuration list for PBXNativeTarget "API+Networking" */;
			buildPhases = (
				5BAA165A227BD9E6001C5812 /* Sources */,
				5BAA165B227BD9E6001C5812 /* Frameworks */,
				5BAA165C227BD9E6001C5812 /* Resources */,
			);
			buildRules = (
			);
			dependencies = (
			);
			name = "API+Networking";
			productName = "API+Networking";
			productReference = 5BAA165E227BD9E6001C5812 /* API+Networking.app */;
			productType = "com.apple.product-type.application";
		};
/* End PBXNativeTarget section */

/* Begin PBXProject section */
		5BAA1656227BD9E6001C5812 /* Project object */ = {
			isa = PBXProject;
			attributes = {
				LastSwiftUpdateCheck = 1020;
				LastUpgradeCheck = 1020;
				ORGANIZATIONNAME = Aleksey;
				TargetAttributes = {
					5BAA165D227BD9E6001C5812 = {
						CreatedOnToolsVersion = 10.2.1;
					};
				};
			};
			buildConfigurationList = 5BAA1659227BD9E6001C5812 /* Build configuration list for PBXProject "API+Networking" */;
			compatibilityVersion = "Xcode 9.3";
			developmentRegion = en;
			hasScannedForEncodings = 0;
			knownRegions = (
				en,
				Base,
			);
			mainGroup = 5BAA1655227BD9E6001C5812;
			productRefGroup = 5BAA165F227BD9E6001C5812 /* Products */;
			projectDirPath = "";
			projectRoot = "";
			targets = (
				5BAA165D227BD9E6001C5812 /* API+Networking */,
			);
		};
/* End PBXProject section */

/* Begin PBXResourcesBuildPhase section */
		5BAA165C227BD9E6001C5812 /* Resources */ = {
			isa = PBXResourcesBuildPhase;
			buildActionMask = 2147483647;
			files = (
				5BAA166C227BD9E7001C5812 /* LaunchScreen.storyboard in Resources */,
				5BAA1669227BD9E7001C5812 /* Assets.xcassets in Resources */,
				5BAA1667227BD9E6001C5812 /* Main.storyboard in Resources */,
				5BAA1674227BDA3E001C5812 /* Description in Resources */,
			);
			runOnlyForDeploymentPostprocessing = 0;
		};
/* End PBXResourcesBuildPhase section */

/* Begin PBXSourcesBuildPhase section */
		5BAA165A227BD9E6001C5812 /* Sources */ = {
			isa = PBXSourcesBuildPhase;
			buildActionMask = 2147483647;
			files = (
				5BAA1664227BD9E6001C5812 /* ViewController.swift in Sources */,
				5B139A58227BFEAA00615EA6 /* DogImage.swift in Sources */,
				5BAA1662227BD9E6001C5812 /* AppDelegate.swift in Sources */,
				5B139A55227BDFB900615EA6 /* DogAPI.swift in Sources */,
			);
			runOnlyForDeploymentPostprocessing = 0;
		};
/* End PBXSourcesBuildPhase section */

/* Begin PBXVariantGroup section */
		5BAA1665227BD9E6001C5812 /* Main.storyboard */ = {
			isa = PBXVariantGroup;
			children = (
				5BAA1666227BD9E6001C5812 /* Base */,
			);
			name = Main.storyboard;
			sourceTree = "<group>";
		};
		5BAA166A227BD9E7001C5812 /* LaunchScreen.storyboard */ = {
			isa = PBXVariantGroup;
			children = (
				5BAA166B227BD9E7001C5812 /* Base */,
			);
			name = LaunchScreen.storyboard;
			sourceTree = "<group>";
		};
/* End PBXVariantGroup section */

/* Begin XCBuildConfiguration section */
		5BAA166E227BD9E7001C5812 /* Debug */ = {
			isa = XCBuildConfiguration;
			buildSettings = {
				ALWAYS_SEARCH_USER_PATHS = NO;
				CLANG_ANALYZER_NONNULL = YES;
				CLANG_ANALYZER_NUMBER_OBJECT_CONVERSION = YES_AGGRESSIVE;
				CLANG_CXX_LANGUAGE_STANDARD = "gnu++14";
				CLANG_CXX_LIBRARY = "libc++";
				CLANG_ENABLE_MODULES = YES;
				CLANG_ENABLE_OBJC_ARC = YES;
				CLANG_ENABLE_OBJC_WEAK = YES;
				CLANG_WARN_BLOCK_CAPTURE_AUTORELEASING = YES;
				CLANG_WARN_BOOL_CONVERSION = YES;
				CLANG_WARN_COMMA = YES;
				CLANG_WARN_CONSTANT_CONVERSION = YES;
				CLANG_WARN_DEPRECATED_OBJC_IMPLEMENTATIONS = YES;
				CLANG_WARN_DIRECT_OBJC_ISA_USAGE = YES_ERROR;
				CLANG_WARN_DOCUMENTATION_COMMENTS = YES;
				CLANG_WARN_EMPTY_BODY = YES;
				CLANG_WARN_ENUM_CONVERSION = YES;
				CLANG_WARN_INFINITE_RECURSION = YES;
				CLANG_WARN_INT_CONVERSION = YES;
				CLANG_WARN_NON_LITERAL_NULL_CONVERSION = YES;
				CLANG_WARN_OBJC_IMPLICIT_RETAIN_SELF = YES;
				CLANG_WARN_OBJC_LITERAL_CONVERSION = YES;
				CLANG_WARN_OBJC_ROOT_CLASS = YES_ERROR;
				CLANG_WARN_RANGE_LOOP_ANALYSIS = YES;
				CLANG_WARN_STRICT_PROTOTYPES = YES;
				CLANG_WARN_SUSPICIOUS_MOVE = YES;
				CLANG_WARN_UNGUARDED_AVAILABILITY = YES_AGGRESSIVE;
				CLANG_WARN_UNREACHABLE_CODE = YES;
				CLANG_WARN__DUPLICATE_METHOD_MATCH = YES;
				CODE_SIGN_IDENTITY = "iPhone Developer";
				COPY_PHASE_STRIP = NO;
				DEBUG_INFORMATION_FORMAT = dwarf;
				ENABLE_STRICT_OBJC_MSGSEND = YES;
				ENABLE_TESTABILITY = YES;
				GCC_C_LANGUAGE_STANDARD = gnu11;
				GCC_DYNAMIC_NO_PIC = NO;
				GCC_NO_COMMON_BLOCKS = YES;
				GCC_OPTIMIZATION_LEVEL = 0;
				GCC_PREPROCESSOR_DEFINITIONS = (
					"DEBUG=1",
					"$(inherited)",
				);
				GCC_WARN_64_TO_32_BIT_CONVERSION = YES;
				GCC_WARN_ABOUT_RETURN_TYPE = YES_ERROR;
				GCC_WARN_UNDECLARED_SELECTOR = YES;
				GCC_WARN_UNINITIALIZED_AUTOS = YES_AGGRESSIVE;
				GCC_WARN_UNUSED_FUNCTION = YES;
				GCC_WARN_UNUSED_VARIABLE = YES;
				IPHONEOS_DEPLOYMENT_TARGET = 12.2;
				MTL_ENABLE_DEBUG_INFO = INCLUDE_SOURCE;
				MTL_FAST_MATH = YES;
				ONLY_ACTIVE_ARCH = YES;
				SDKROOT = iphoneos;
				SWIFT_ACTIVE_COMPILATION_CONDITIONS = DEBUG;
				SWIFT_OPTIMIZATION_LEVEL = "-Onone";
			};
			name = Debug;
		};
		5BAA166F227BD9E7001C5812 /* Release */ = {
			isa = XCBuildConfiguration;
			buildSettings = {
				ALWAYS_SEARCH_USER_PATHS = NO;
				CLANG_ANALYZER_NONNULL = YES;
				CLANG_ANALYZER_NUMBER_OBJECT_CONVERSION = YES_AGGRESSIVE;
				CLANG_CXX_LANGUAGE_STANDARD = "gnu++14";
				CLANG_CXX_LIBRARY = "libc++";
				CLANG_ENABLE_MODULES = YES;
				CLANG_ENABLE_OBJC_ARC = YES;
				CLANG_ENABLE_OBJC_WEAK = YES;
				CLANG_WARN_BLOCK_CAPTURE_AUTORELEASING = YES;
				CLANG_WARN_BOOL_CONVERSION = YES;
				CLANG_WARN_COMMA = YES;
				CLANG_WARN_CONSTANT_CONVERSION = YES;
				CLANG_WARN_DEPRECATED_OBJC_IMPLEMENTATIONS = YES;
				CLANG_WARN_DIRECT_OBJC_ISA_USAGE = YES_ERROR;
				CLANG_WARN_DOCUMENTATION_COMMENTS = YES;
				CLANG_WARN_EMPTY_BODY = YES;
				CLANG_WARN_ENUM_CONVERSION = YES;
				CLANG_WARN_INFINITE_RECURSION = YES;
				CLANG_WARN_INT_CONVERSION = YES;
				CLANG_WARN_NON_LITERAL_NULL_CONVERSION = YES;
				CLANG_WARN_OBJC_IMPLICIT_RETAIN_SELF = YES;
				CLANG_WARN_OBJC_LITERAL_CONVERSION = YES;
				CLANG_WARN_OBJC_ROOT_CLASS = YES_ERROR;
				CLANG_WARN_RANGE_LOOP_ANALYSIS = YES;
				CLANG_WARN_STRICT_PROTOTYPES = YES;
				CLANG_WARN_SUSPICIOUS_MOVE = YES;
				CLANG_WARN_UNGUARDED_AVAILABILITY = YES_AGGRESSIVE;
				CLANG_WARN_UNREACHABLE_CODE = YES;
				CLANG_WARN__DUPLICATE_METHOD_MATCH = YES;
				CODE_SIGN_IDENTITY = "iPhone Developer";
				COPY_PHASE_STRIP = NO;
				DEBUG_INFORMATION_FORMAT = "dwarf-with-dsym";
				ENABLE_NS_ASSERTIONS = NO;
				ENABLE_STRICT_OBJC_MSGSEND = YES;
				GCC_C_LANGUAGE_STANDARD = gnu11;
				GCC_NO_COMMON_BLOCKS = YES;
				GCC_WARN_64_TO_32_BIT_CONVERSION = YES;
				GCC_WARN_ABOUT_RETURN_TYPE = YES_ERROR;
				GCC_WARN_UNDECLARED_SELECTOR = YES;
				GCC_WARN_UNINITIALIZED_AUTOS = YES_AGGRESSIVE;
				GCC_WARN_UNUSED_FUNCTION = YES;
				GCC_WARN_UNUSED_VARIABLE = YES;
				IPHONEOS_DEPLOYMENT_TARGET = 12.2;
				MTL_ENABLE_DEBUG_INFO = NO;
				MTL_FAST_MATH = YES;
				SDKROOT = iphoneos;
				SWIFT_COMPILATION_MODE = wholemodule;
				SWIFT_OPTIMIZATION_LEVEL = "-O";
				VALIDATE_PRODUCT = YES;
			};
			name = Release;
		};
		5BAA1671227BD9E7001C5812 /* Debug */ = {
			isa = XCBuildConfiguration;
			buildSettings = {
				ASSETCATALOG_COMPILER_APPICON_NAME = AppIcon;
				CODE_SIGN_IDENTITY = "iPhone Developer";
				CODE_SIGN_STYLE = Automatic;
				DEVELOPMENT_TEAM = VGW2M4R8BY;
				INFOPLIST_FILE = "API+Networking/Info.plist";
				LD_RUNPATH_SEARCH_PATHS = (
					"$(inherited)",
					"@executable_path/Frameworks",
				);
				PRODUCT_BUNDLE_IDENTIFIER = "com.kabishau.API-Networking";
				PRODUCT_NAME = "$(TARGET_NAME)";
				PROVISIONING_PROFILE_SPECIFIER = "";
				SWIFT_VERSION = 5.0;
				TARGETED_DEVICE_FAMILY = "1,2";
			};
			name = Debug;
		};
		5BAA1672227BD9E7001C5812 /* Release */ = {
			isa = XCBuildConfiguration;
			buildSettings = {
				ASSETCATALOG_COMPILER_APPICON_NAME = AppIcon;
				CODE_SIGN_IDENTITY = "iPhone Developer";
				CODE_SIGN_STYLE = Automatic;
				DEVELOPMENT_TEAM = VGW2M4R8BY;
				INFOPLIST_FILE = "API+Networking/Info.plist";
				LD_RUNPATH_SEARCH_PATHS = (
					"$(inherited)",
					"@executable_path/Frameworks",
				);
				PRODUCT_BUNDLE_IDENTIFIER = "com.kabishau.API-Networking";
				PRODUCT_NAME = "$(TARGET_NAME)";
				PROVISIONING_PROFILE_SPECIFIER = "";
				SWIFT_VERSION = 5.0;
				TARGETED_DEVICE_FAMILY = "1,2";
			};
			name = Release;
		};
/* End XCBuildConfiguration section */

/* Begin XCConfigurationList section */
		5BAA1659227BD9E6001C5812 /* Build configuration list for PBXProject "API+Networking" */ = {
			isa = XCConfigurationList;
			buildConfigurations = (
				5BAA166E227BD9E7001C5812 /* Debug */,
				5BAA166F227BD9E7001C5812 /* Release */,
			);
			defaultConfigurationIsVisible = 0;
			defaultConfigurationName = Release;
		};
		5BAA1670227BD9E7001C5812 /* Build configuration list for PBXNativeTarget "API+Networking" */ = {
			isa = XCConfigurationList;
			buildConfigurations = (
				5BAA1671227BD9E7001C5812 /* Debug */,
				5BAA1672227BD9E7001C5812 /* Release */,
			);
			defaultConfigurationIsVisible = 0;
			defaultConfigurationName = Release;
		};
/* End XCConfigurationList section */
	};
	rootObject = 5BAA1656227BD9E6001C5812 /* Project object */;
}
